
Microsoft Visual Studio Solution File, Format Version 12.00
# Visual Studio Version 17
VisualStudioVersion = 17.0.31903.59
MinimumVisualStudioVersion = 10.0.40219.1
Project("{2150E333-8FDC-42A3-9474-1A3956D46DE8}") = "src", "src", "{827E0CD3-B72D-47B6-A68D-7590B98EB39B}"
EndProject
Project("{FAE04EC0-301F-11D3-BF4B-00C04F79EFBC}") = "AAI.Domain", "src\AAI.Domain\AAI.Domain.csproj", "{E82D10A5-55CE-4B20-A571-8793F91CF0A7}"
EndProject
Project("{FAE04EC0-301F-11D3-BF4B-00C04F79EFBC}") = "AAI.Application", "src\AAI.Application\AAI.Application.csproj", "{C8CC6931-7F79-4424-853F-BBC950654270}"
EndProject
Project("{FAE04EC0-301F-11D3-BF4B-00C04F79EFBC}") = "AAI.Infrastructure", "src\AAI.Infrastructure\AAI.Infrastructure.csproj", "{FCFB4F3A-0866-44C9-A028-3ABEC3CB221D}"
EndProject
Project("{FAE04EC0-301F-11D3-BF4B-00C04F79EFBC}") = "AAI.WebAPI", "src\AAI.WebAPI\AAI.WebAPI.csproj", "{10F45FA8-DBD9-4428-BC1E-A8AD7E6B0972}"
EndProject
Project("{2150E333-8FDC-42A3-9474-1A3956D46DE8}") = "tests", "tests", "{0AB3BF05-4346-4AA6-1389-037BE0695223}"
EndProject
Project("{FAE04EC0-301F-11D3-BF4B-00C04F79EFBC}") = "AAI.Domain.Tests", "tests\AAI.Domain.Tests\AAI.Domain.Tests.csproj", "{B1708602-7F72-4178-84FE-17C221DF6879}"
EndProject
Project("{FAE04EC0-301F-11D3-BF4B-00C04F79EFBC}") = "AAI.Application.Tests", "tests\AAI.Application.Tests\AAI.Application.Tests.csproj", "{A0CD6C4D-C247-4AA1-A7A7-A23C6EF1622C}"
EndProject
Project("{FAE04EC0-301F-11D3-BF4B-00C04F79EFBC}") = "AAI.Infrastructure.Tests", "tests\AAI.Infrastructure.Tests\AAI.Infrastructure.Tests.csproj", "{6C6787D5-F45D-4A0F-BB99-83488328166E}"
EndProject
Project("{FAE04EC0-301F-11D3-BF4B-00C04F79EFBC}") = "AAI.WebAPI.Tests", "tests\AAI.WebAPI.Tests\AAI.WebAPI.Tests.csproj", "{DFACE4CE-1D96-4E01-9739-BE0F1B33D651}"
EndProject
Global
	GlobalSection(SolutionConfigurationPlatforms) = preSolution
		Debug|Any CPU = Debug|Any CPU
		Debug|x64 = Debug|x64
		Debug|x86 = Debug|x86
		Release|Any CPU = Release|Any CPU
		Release|x64 = Release|x64
		Release|x86 = Release|x86
	EndGlobalSection
	GlobalSection(ProjectConfigurationPlatforms) = postSolution
		{E82D10A5-55CE-4B20-A571-8793F91CF0A7}.Debug|Any CPU.ActiveCfg = Debug|Any CPU
		{E82D10A5-55CE-4B20-A571-8793F91CF0A7}.Debug|Any CPU.Build.0 = Debug|Any CPU
		{E82D10A5-55CE-4B20-A571-8793F91CF0A7}.Debug|x64.ActiveCfg = Debug|Any CPU
		{E82D10A5-55CE-4B20-A571-8793F91CF0A7}.Debug|x64.Build.0 = Debug|Any CPU
		{E82D10A5-55CE-4B20-A571-8793F91CF0A7}.Debug|x86.ActiveCfg = Debug|Any CPU
		{E82D10A5-55CE-4B20-A571-8793F91CF0A7}.Debug|x86.Build.0 = Debug|Any CPU
		{E82D10A5-55CE-4B20-A571-8793F91CF0A7}.Release|Any CPU.ActiveCfg = Release|Any CPU
		{E82D10A5-55CE-4B20-A571-8793F91CF0A7}.Release|Any CPU.Build.0 = Release|Any CPU
		{E82D10A5-55CE-4B20-A571-8793F91CF0A7}.Release|x64.ActiveCfg = Release|Any CPU
		{E82D10A5-55CE-4B20-A571-8793F91CF0A7}.Release|x64.Build.0 = Release|Any CPU
		{E82D10A5-55CE-4B20-A571-8793F91CF0A7}.Release|x86.ActiveCfg = Release|Any CPU
		{E82D10A5-55CE-4B20-A571-8793F91CF0A7}.Release|x86.Build.0 = Release|Any CPU
		{C8CC6931-7F79-4424-853F-BBC950654270}.Debug|Any CPU.ActiveCfg = Debug|Any CPU
		{C8CC6931-7F79-4424-853F-BBC950654270}.Debug|Any CPU.Build.0 = Debug|Any CPU
		{C8CC6931-7F79-4424-853F-BBC950654270}.Debug|x64.ActiveCfg = Debug|Any CPU
		{C8CC6931-7F79-4424-853F-BBC950654270}.Debug|x64.Build.0 = Debug|Any CPU
		{C8CC6931-7F79-4424-853F-BBC950654270}.Debug|x86.ActiveCfg = Debug|Any CPU
		{C8CC6931-7F79-4424-853F-BBC950654270}.Debug|x86.Build.0 = Debug|Any CPU
		{C8CC6931-7F79-4424-853F-BBC950654270}.Release|Any CPU.ActiveCfg = Release|Any CPU
		{C8CC6931-7F79-4424-853F-BBC950654270}.Release|Any CPU.Build.0 = Release|Any CPU
		{C8CC6931-7F79-4424-853F-BBC950654270}.Release|x64.ActiveCfg = Release|Any CPU
		{C8CC6931-7F79-4424-853F-BBC950654270}.Release|x64.Build.0 = Release|Any CPU
		{C8CC6931-7F79-4424-853F-BBC950654270}.Release|x86.ActiveCfg = Release|Any CPU
		{C8CC6931-7F79-4424-853F-BBC950654270}.Release|x86.Build.0 = Release|Any CPU
		{FCFB4F3A-0866-44C9-A028-3ABEC3CB221D}.Debug|Any CPU.ActiveCfg = Debug|Any CPU
		{FCFB4F3A-0866-44C9-A028-3ABEC3CB221D}.Debug|Any CPU.Build.0 = Debug|Any CPU
		{FCFB4F3A-0866-44C9-A028-3ABEC3CB221D}.Debug|x64.ActiveCfg = Debug|Any CPU
		{FCFB4F3A-0866-44C9-A028-3ABEC3CB221D}.Debug|x64.Build.0 = Debug|Any CPU
		{FCFB4F3A-0866-44C9-A028-3ABEC3CB221D}.Debug|x86.ActiveCfg = Debug|Any CPU
		{FCFB4F3A-0866-44C9-A028-3ABEC3CB221D}.Debug|x86.Build.0 = Debug|Any CPU
		{FCFB4F3A-0866-44C9-A028-3ABEC3CB221D}.Release|Any CPU.ActiveCfg = Release|Any CPU
		{FCFB4F3A-0866-44C9-A028-3ABEC3CB221D}.Release|Any CPU.Build.0 = Release|Any CPU
		{FCFB4F3A-0866-44C9-A028-3ABEC3CB221D}.Release|x64.ActiveCfg = Release|Any CPU
		{FCFB4F3A-0866-44C9-A028-3ABEC3CB221D}.Release|x64.Build.0 = Release|Any CPU
		{FCFB4F3A-0866-44C9-A028-3ABEC3CB221D}.Release|x86.ActiveCfg = Release|Any CPU
		{FCFB4F3A-0866-44C9-A028-3ABEC3CB221D}.Release|x86.Build.0 = Release|Any CPU
		{10F45FA8-DBD9-4428-BC1E-A8AD7E6B0972}.Debug|Any CPU.ActiveCfg = Debug|Any CPU
		{10F45FA8-DBD9-4428-BC1E-A8AD7E6B0972}.Debug|Any CPU.Build.0 = Debug|Any CPU
		{10F45FA8-DBD9-4428-BC1E-A8AD7E6B0972}.Debug|x64.ActiveCfg = Debug|Any CPU
		{10F45FA8-DBD9-4428-BC1E-A8AD7E6B0972}.Debug|x64.Build.0 = Debug|Any CPU
		{10F45FA8-DBD9-4428-BC1E-A8AD7E6B0972}.Debug|x86.ActiveCfg = Debug|Any CPU
		{10F45FA8-DBD9-4428-BC1E-A8AD7E6B0972}.Debug|x86.Build.0 = Debug|Any CPU
		{10F45FA8-DBD9-4428-BC1E-A8AD7E6B0972}.Release|Any CPU.ActiveCfg = Release|Any CPU
		{10F45FA8-DBD9-4428-BC1E-A8AD7E6B0972}.Release|Any CPU.Build.0 = Release|Any CPU
		{10F45FA8-DBD9-4428-BC1E-A8AD7E6B0972}.Release|x64.ActiveCfg = Release|Any CPU
		{10F45FA8-DBD9-4428-BC1E-A8AD7E6B0972}.Release|x64.Build.0 = Release|Any CPU
		{10F45FA8-DBD9-4428-BC1E-A8AD7E6B0972}.Release|x86.ActiveCfg = Release|Any CPU
		{10F45FA8-DBD9-4428-BC1E-A8AD7E6B0972}.Release|x86.Build.0 = Release|Any CPU
		{B1708602-7F72-4178-84FE-17C221DF6879}.Debug|Any CPU.ActiveCfg = Debug|Any CPU
		{B1708602-7F72-4178-84FE-17C221DF6879}.Debug|Any CPU.Build.0 = Debug|Any CPU
		{B1708602-7F72-4178-84FE-17C221DF6879}.Debug|x64.ActiveCfg = Debug|Any CPU
		{B1708602-7F72-4178-84FE-17C221DF6879}.Debug|x64.Build.0 = Debug|Any CPU
		{B1708602-7F72-4178-84FE-17C221DF6879}.Debug|x86.ActiveCfg = Debug|Any CPU
		{B1708602-7F72-4178-84FE-17C221DF6879}.Debug|x86.Build.0 = Debug|Any CPU
		{B1708602-7F72-4178-84FE-17C221DF6879}.Release|Any CPU.ActiveCfg = Release|Any CPU
		{B1708602-7F72-4178-84FE-17C221DF6879}.Release|Any CPU.Build.0 = Release|Any CPU
		{B1708602-7F72-4178-84FE-17C221DF6879}.Release|x64.ActiveCfg = Release|Any CPU
		{B1708602-7F72-4178-84FE-17C221DF6879}.Release|x64.Build.0 = Release|Any CPU
		{B1708602-7F72-4178-84FE-17C221DF6879}.Release|x86.ActiveCfg = Release|Any CPU
		{B1708602-7F72-4178-84FE-17C221DF6879}.Release|x86.Build.0 = Release|Any CPU
		{A0CD6C4D-C247-4AA1-A7A7-A23C6EF1622C}.Debug|Any CPU.ActiveCfg = Debug|Any CPU
		{A0CD6C4D-C247-4AA1-A7A7-A23C6EF1622C}.Debug|Any CPU.Build.0 = Debug|Any CPU
		{A0CD6C4D-C247-4AA1-A7A7-A23C6EF1622C}.Debug|x64.ActiveCfg = Debug|Any CPU
		{A0CD6C4D-C247-4AA1-A7A7-A23C6EF1622C}.Debug|x64.Build.0 = Debug|Any CPU
		{A0CD6C4D-C247-4AA1-A7A7-A23C6EF1622C}.Debug|x86.ActiveCfg = Debug|Any CPU
		{A0CD6C4D-C247-4AA1-A7A7-A23C6EF1622C}.Debug|x86.Build.0 = Debug|Any CPU
		{A0CD6C4D-C247-4AA1-A7A7-A23C6EF1622C}.Release|Any CPU.ActiveCfg = Release|Any CPU
		{A0CD6C4D-C247-4AA1-A7A7-A23C6EF1622C}.Release|Any CPU.Build.0 = Release|Any CPU
		{A0CD6C4D-C247-4AA1-A7A7-A23C6EF1622C}.Release|x64.ActiveCfg = Release|Any CPU
		{A0CD6C4D-C247-4AA1-A7A7-A23C6EF1622C}.Release|x64.Build.0 = Release|Any CPU
		{A0CD6C4D-C247-4AA1-A7A7-A23C6EF1622C}.Release|x86.ActiveCfg = Release|Any CPU
		{A0CD6C4D-C247-4AA1-A7A7-A23C6EF1622C}.Release|x86.Build.0 = Release|Any CPU
		{6C6787D5-F45D-4A0F-BB99-83488328166E}.Debug|Any CPU.ActiveCfg = Debug|Any CPU
		{6C6787D5-F45D-4A0F-BB99-83488328166E}.Debug|Any CPU.Build.0 = Debug|Any CPU
		{6C6787D5-F45D-4A0F-BB99-83488328166E}.Debug|x64.ActiveCfg = Debug|Any CPU
		{6C6787D5-F45D-4A0F-BB99-83488328166E}.Debug|x64.Build.0 = Debug|Any CPU
		{6C6787D5-F45D-4A0F-BB99-83488328166E}.Debug|x86.ActiveCfg = Debug|Any CPU
		{6C6787D5-F45D-4A0F-BB99-83488328166E}.Debug|x86.Build.0 = Debug|Any CPU
		{6C6787D5-F45D-4A0F-BB99-83488328166E}.Release|Any CPU.ActiveCfg = Release|Any CPU
		{6C6787D5-F45D-4A0F-BB99-83488328166E}.Release|Any CPU.Build.0 = Release|Any CPU
		{6C6787D5-F45D-4A0F-BB99-83488328166E}.Release|x64.ActiveCfg = Release|Any CPU
		{6C6787D5-F45D-4A0F-BB99-83488328166E}.Release|x64.Build.0 = Release|Any CPU
		{6C6787D5-F45D-4A0F-BB99-83488328166E}.Release|x86.ActiveCfg = Release|Any CPU
		{6C6787D5-F45D-4A0F-BB99-83488328166E}.Release|x86.Build.0 = Release|Any CPU
		{DFACE4CE-1D96-4E01-9739-BE0F1B33D651}.Debug|Any CPU.ActiveCfg = Debug|Any CPU
		{DFACE4CE-1D96-4E01-9739-BE0F1B33D651}.Debug|Any CPU.Build.0 = Debug|Any CPU
		{DFACE4CE-1D96-4E01-9739-BE0F1B33D651}.Debug|x64.ActiveCfg = Debug|Any CPU
		{DFACE4CE-1D96-4E01-9739-BE0F1B33D651}.Debug|x64.Build.0 = Debug|Any CPU
		{DFACE4CE-1D96-4E01-9739-BE0F1B33D651}.Debug|x86.ActiveCfg = Debug|Any CPU
		{DFACE4CE-1D96-4E01-9739-BE0F1B33D651}.Debug|x86.Build.0 = Debug|Any CPU
		{DFACE4CE-1D96-4E01-9739-BE0F1B33D651}.Release|Any CPU.ActiveCfg = Release|Any CPU
		{DFACE4CE-1D96-4E01-9739-BE0F1B33D651}.Release|Any CPU.Build.0 = Release|Any CPU
		{DFACE4CE-1D96-4E01-9739-BE0F1B33D651}.Release|x64.ActiveCfg = Release|Any CPU
		{DFACE4CE-1D96-4E01-9739-BE0F1B33D651}.Release|x64.Build.0 = Release|Any CPU
		{DFACE4CE-1D96-4E01-9739-BE0F1B33D651}.Release|x86.ActiveCfg = Release|Any CPU
		{DFACE4CE-1D96-4E01-9739-BE0F1B33D651}.Release|x86.Build.0 = Release|Any CPU
	EndGlobalSection
	GlobalSection(SolutionProperties) = preSolution
		HideSolutionNode = FALSE
	EndGlobalSection
	GlobalSection(NestedProjects) = preSolution
		{E82D10A5-55CE-4B20-A571-8793F91CF0A7} = {827E0CD3-B72D-47B6-A68D-7590B98EB39B}
		{C8CC6931-7F79-4424-853F-BBC950654270} = {827E0CD3-B72D-47B6-A68D-7590B98EB39B}
		{FCFB4F3A-0866-44C9-A028-3ABEC3CB221D} = {827E0CD3-B72D-47B6-A68D-7590B98EB39B}
		{10F45FA8-DBD9-4428-BC1E-A8AD7E6B0972} = {827E0CD3-B72D-47B6-A68D-7590B98EB39B}
		{B1708602-7F72-4178-84FE-17C221DF6879} = {0AB3BF05-4346-4AA6-1389-037BE0695223}
		{A0CD6C4D-C247-4AA1-A7A7-A23C6EF1622C} = {0AB3BF05-4346-4AA6-1389-037BE0695223}
		{6C6787D5-F45D-4A0F-BB99-83488328166E} = {0AB3BF05-4346-4AA6-1389-037BE0695223}
		{DFACE4CE-1D96-4E01-9739-BE0F1B33D651} = {0AB3BF05-4346-4AA6-1389-037BE0695223}
	EndGlobalSection
EndGlobal
